// !$*UTF8*$!
{
	archiveVersion = 1;
	classes = {
	};
	objectVersion = 46;
	objects = {

/* Begin PBXBuildFile section */
		83284C081AAE0DB800A11C91 /* Nimble.framework in Frameworks */ = {isa = PBXBuildFile; fileRef = 83284C041AAE0DAE00A11C91 /* Nimble.framework */; };
		83284C091AAE0DB800A11C91 /* Quick.framework in Frameworks */ = {isa = PBXBuildFile; fileRef = 83284C051AAE0DAE00A11C91 /* Quick.framework */; };
		838663061AAE0C9900FADC19 /* MessagePack.framework in Frameworks */ = {isa = PBXBuildFile; fileRef = 838662FA1AAE0C9900FADC19 /* MessagePack.framework */; };
		8386631A1AAE0CF400FADC19 /* Helpers.swift in Sources */ = {isa = PBXBuildFile; fileRef = 838663171AAE0CF400FADC19 /* Helpers.swift */; };
		8386631B1AAE0CF400FADC19 /* MessagePack.h in Headers */ = {isa = PBXBuildFile; fileRef = 838663181AAE0CF400FADC19 /* MessagePack.h */; settings = {ATTRIBUTES = (Public, ); }; };
		8386631C1AAE0CF400FADC19 /* MessagePack.swift in Sources */ = {isa = PBXBuildFile; fileRef = 838663191AAE0CF400FADC19 /* MessagePack.swift */; };
		838663211AAE0D0500FADC19 /* Helpers.swift in Sources */ = {isa = PBXBuildFile; fileRef = 8386631E1AAE0D0500FADC19 /* Helpers.swift */; };
		838663221AAE0D0500FADC19 /* Matchers.swift in Sources */ = {isa = PBXBuildFile; fileRef = 8386631F1AAE0D0500FADC19 /* Matchers.swift */; };
		838663231AAE0D0500FADC19 /* MessagePackSpec.swift in Sources */ = {isa = PBXBuildFile; fileRef = 838663201AAE0D0500FADC19 /* MessagePackSpec.swift */; };
/* End PBXBuildFile section */

/* Begin PBXContainerItemProxy section */
		838663071AAE0C9900FADC19 /* PBXContainerItemProxy */ = {
			isa = PBXContainerItemProxy;
			containerPortal = 838662F11AAE0C9900FADC19 /* Project object */;
			proxyType = 1;
			remoteGlobalIDString = 838662F91AAE0C9900FADC19;
			remoteInfo = MessagePack;
		};
/* End PBXContainerItemProxy section */

/* Begin PBXFileReference section */
		83284C041AAE0DAE00A11C91 /* Nimble.framework */ = {isa = PBXFileReference; lastKnownFileType = wrapper.framework; name = Nimble.framework; path = Carthage/Build/iOS/Nimble.framework; sourceTree = "<group>"; };
		83284C051AAE0DAE00A11C91 /* Quick.framework */ = {isa = PBXFileReference; lastKnownFileType = wrapper.framework; name = Quick.framework; path = Carthage/Build/iOS/Quick.framework; sourceTree = "<group>"; };
		838662FA1AAE0C9900FADC19 /* MessagePack.framework */ = {isa = PBXFileReference; explicitFileType = wrapper.framework; includeInIndex = 0; path = MessagePack.framework; sourceTree = BUILT_PRODUCTS_DIR; };
		838662FE1AAE0C9900FADC19 /* Info.plist */ = {isa = PBXFileReference; lastKnownFileType = text.plist.xml; path = Info.plist; sourceTree = "<group>"; };
		838663051AAE0C9900FADC19 /* MessagePackTests.xctest */ = {isa = PBXFileReference; explicitFileType = wrapper.cfbundle; includeInIndex = 0; path = MessagePackTests.xctest; sourceTree = BUILT_PRODUCTS_DIR; };
		8386630B1AAE0C9900FADC19 /* Info.plist */ = {isa = PBXFileReference; lastKnownFileType = text.plist.xml; path = Info.plist; sourceTree = "<group>"; };
		838663171AAE0CF400FADC19 /* Helpers.swift */ = {isa = PBXFileReference; fileEncoding = 4; lastKnownFileType = sourcecode.swift; path = Helpers.swift; sourceTree = "<group>"; };
		838663181AAE0CF400FADC19 /* MessagePack.h */ = {isa = PBXFileReference; fileEncoding = 4; lastKnownFileType = sourcecode.c.h; path = MessagePack.h; sourceTree = "<group>"; };
		838663191AAE0CF400FADC19 /* MessagePack.swift */ = {isa = PBXFileReference; fileEncoding = 4; lastKnownFileType = sourcecode.swift; path = MessagePack.swift; sourceTree = "<group>"; };
		8386631E1AAE0D0500FADC19 /* Helpers.swift */ = {isa = PBXFileReference; fileEncoding = 4; lastKnownFileType = sourcecode.swift; path = Helpers.swift; sourceTree = "<group>"; };
		8386631F1AAE0D0500FADC19 /* Matchers.swift */ = {isa = PBXFileReference; fileEncoding = 4; lastKnownFileType = sourcecode.swift; path = Matchers.swift; sourceTree = "<group>"; };
		838663201AAE0D0500FADC19 /* MessagePackSpec.swift */ = {isa = PBXFileReference; fileEncoding = 4; lastKnownFileType = sourcecode.swift; path = MessagePackSpec.swift; sourceTree = "<group>"; };
/* End PBXFileReference section */

/* Begin PBXFrameworksBuildPhase section */
		838662F61AAE0C9900FADC19 /* Frameworks */ = {
			isa = PBXFrameworksBuildPhase;
			buildActionMask = 2147483647;
			files = (
			);
			runOnlyForDeploymentPostprocessing = 0;
		};
		838663021AAE0C9900FADC19 /* Frameworks */ = {
			isa = PBXFrameworksBuildPhase;
			buildActionMask = 2147483647;
			files = (
				838663061AAE0C9900FADC19 /* MessagePack.framework in Frameworks */,
				83284C081AAE0DB800A11C91 /* Nimble.framework in Frameworks */,
				83284C091AAE0DB800A11C91 /* Quick.framework in Frameworks */,
			);
			runOnlyForDeploymentPostprocessing = 0;
		};
/* End PBXFrameworksBuildPhase section */

/* Begin PBXGroup section */
		83284C031AAE0D9F00A11C91 /* Frameworks */ = {
			isa = PBXGroup;
			children = (
				83284C041AAE0DAE00A11C91 /* Nimble.framework */,
				83284C051AAE0DAE00A11C91 /* Quick.framework */,
			);
			name = Frameworks;
			sourceTree = "<group>";
		};
		838662F01AAE0C9900FADC19 = {
			isa = PBXGroup;
			children = (
				838662FC1AAE0C9900FADC19 /* MessagePack */,
				838663091AAE0C9900FADC19 /* MessagePackTests */,
				83284C031AAE0D9F00A11C91 /* Frameworks */,
				838662FB1AAE0C9900FADC19 /* Products */,
			);
			sourceTree = "<group>";
		};
		838662FB1AAE0C9900FADC19 /* Products */ = {
			isa = PBXGroup;
			children = (
				838662FA1AAE0C9900FADC19 /* MessagePack.framework */,
				838663051AAE0C9900FADC19 /* MessagePackTests.xctest */,
			);
			name = Products;
			sourceTree = "<group>";
		};
		838662FC1AAE0C9900FADC19 /* MessagePack */ = {
			isa = PBXGroup;
			children = (
				838663161AAE0CF400FADC19 /* Source */,
				838662FD1AAE0C9900FADC19 /* Supporting Files */,
			);
			path = MessagePack;
			sourceTree = "<group>";
		};
		838662FD1AAE0C9900FADC19 /* Supporting Files */ = {
			isa = PBXGroup;
			children = (
				838662FE1AAE0C9900FADC19 /* Info.plist */,
			);
			path = "Supporting Files";
			sourceTree = "<group>";
		};
		838663091AAE0C9900FADC19 /* MessagePackTests */ = {
			isa = PBXGroup;
			children = (
				8386631D1AAE0D0500FADC19 /* Source */,
				8386630A1AAE0C9900FADC19 /* Supporting Files */,
			);
			path = MessagePackTests;
			sourceTree = "<group>";
		};
		8386630A1AAE0C9900FADC19 /* Supporting Files */ = {
			isa = PBXGroup;
			children = (
				8386630B1AAE0C9900FADC19 /* Info.plist */,
			);
			path = "Supporting Files";
			sourceTree = "<group>";
		};
		838663161AAE0CF400FADC19 /* Source */ = {
			isa = PBXGroup;
			children = (
				838663171AAE0CF400FADC19 /* Helpers.swift */,
				838663181AAE0CF400FADC19 /* MessagePack.h */,
				838663191AAE0CF400FADC19 /* MessagePack.swift */,
			);
			path = Source;
			sourceTree = "<group>";
		};
		8386631D1AAE0D0500FADC19 /* Source */ = {
			isa = PBXGroup;
			children = (
				8386631E1AAE0D0500FADC19 /* Helpers.swift */,
				8386631F1AAE0D0500FADC19 /* Matchers.swift */,
				838663201AAE0D0500FADC19 /* MessagePackSpec.swift */,
			);
			path = Source;
			sourceTree = "<group>";
		};
/* End PBXGroup section */

/* Begin PBXHeadersBuildPhase section */
		838662F71AAE0C9900FADC19 /* Headers */ = {
			isa = PBXHeadersBuildPhase;
			buildActionMask = 2147483647;
			files = (
				8386631B1AAE0CF400FADC19 /* MessagePack.h in Headers */,
			);
			runOnlyForDeploymentPostprocessing = 0;
		};
/* End PBXHeadersBuildPhase section */

/* Begin PBXNativeTarget section */
		838662F91AAE0C9900FADC19 /* MessagePack */ = {
			isa = PBXNativeTarget;
			buildConfigurationList = 838663101AAE0C9900FADC19 /* Build configuration list for PBXNativeTarget "MessagePack" */;
			buildPhases = (
				838662F51AAE0C9900FADC19 /* Sources */,
				838662F61AAE0C9900FADC19 /* Frameworks */,
				838662F71AAE0C9900FADC19 /* Headers */,
				838662F81AAE0C9900FADC19 /* Resources */,
			);
			buildRules = (
			);
			dependencies = (
			);
			name = MessagePack;
			productName = MessagePack;
			productReference = 838662FA1AAE0C9900FADC19 /* MessagePack.framework */;
			productType = "com.apple.product-type.framework";
		};
		838663041AAE0C9900FADC19 /* MessagePackTests */ = {
			isa = PBXNativeTarget;
			buildConfigurationList = 838663131AAE0C9900FADC19 /* Build configuration list for PBXNativeTarget "MessagePackTests" */;
			buildPhases = (
				838663011AAE0C9900FADC19 /* Sources */,
				838663021AAE0C9900FADC19 /* Frameworks */,
				838663031AAE0C9900FADC19 /* Resources */,
				83284C0A1AAE0DC400A11C91 /* ShellScript */,
			);
			buildRules = (
			);
			dependencies = (
				838663081AAE0C9900FADC19 /* PBXTargetDependency */,
			);
			name = MessagePackTests;
			productName = MessagePackTests;
			productReference = 838663051AAE0C9900FADC19 /* MessagePackTests.xctest */;
			productType = "com.apple.product-type.bundle.unit-test";
		};
/* End PBXNativeTarget section */

/* Begin PBXProject section */
		838662F11AAE0C9900FADC19 /* Project object */ = {
			isa = PBXProject;
			attributes = {
				LastUpgradeCheck = 0610;
				ORGANIZATIONNAME = "Pandamonia LLC";
				TargetAttributes = {
					838662F91AAE0C9900FADC19 = {
						CreatedOnToolsVersion = 6.1.1;
					};
					838663041AAE0C9900FADC19 = {
						CreatedOnToolsVersion = 6.1.1;
					};
				};
			};
			buildConfigurationList = 838662F41AAE0C9900FADC19 /* Build configuration list for PBXProject "MessagePack" */;
			compatibilityVersion = "Xcode 3.2";
			developmentRegion = English;
			hasScannedForEncodings = 0;
			knownRegions = (
				en,
			);
			mainGroup = 838662F01AAE0C9900FADC19;
			productRefGroup = 838662FB1AAE0C9900FADC19 /* Products */;
			projectDirPath = "";
			projectRoot = "";
			targets = (
				838662F91AAE0C9900FADC19 /* MessagePack */,
				838663041AAE0C9900FADC19 /* MessagePackTests */,
			);
		};
/* End PBXProject section */

/* Begin PBXResourcesBuildPhase section */
		838662F81AAE0C9900FADC19 /* Resources */ = {
			isa = PBXResourcesBuildPhase;
			buildActionMask = 2147483647;
			files = (
			);
			runOnlyForDeploymentPostprocessing = 0;
		};
		838663031AAE0C9900FADC19 /* Resources */ = {
			isa = PBXResourcesBuildPhase;
			buildActionMask = 2147483647;
			files = (
			);
			runOnlyForDeploymentPostprocessing = 0;
		};
/* End PBXResourcesBuildPhase section */

/* Begin PBXShellScriptBuildPhase section */
		83284C0A1AAE0DC400A11C91 /* ShellScript */ = {
			isa = PBXShellScriptBuildPhase;
			buildActionMask = 2147483647;
			files = (
			);
			inputPaths = (
				"$(SRCROOT)/Carthage/Build/iOS/Quick.framework",
				"$(SRCROOT)/Carthage/Build/iOS/Nimble.framework",
			);
			outputPaths = (
			);
			runOnlyForDeploymentPostprocessing = 0;
			shellPath = /bin/sh;
			shellScript = "/usr/local/bin/carthage copy-frameworks";
		};
/* End PBXShellScriptBuildPhase section */

/* Begin PBXSourcesBuildPhase section */
		838662F51AAE0C9900FADC19 /* Sources */ = {
			isa = PBXSourcesBuildPhase;
			buildActionMask = 2147483647;
			files = (
				8386631C1AAE0CF400FADC19 /* MessagePack.swift in Sources */,
				8386631A1AAE0CF400FADC19 /* Helpers.swift in Sources */,
			);
			runOnlyForDeploymentPostprocessing = 0;
		};
		838663011AAE0C9900FADC19 /* Sources */ = {
			isa = PBXSourcesBuildPhase;
			buildActionMask = 2147483647;
			files = (
				838663221AAE0D0500FADC19 /* Matchers.swift in Sources */,
				838663231AAE0D0500FADC19 /* MessagePackSpec.swift in Sources */,
				838663211AAE0D0500FADC19 /* Helpers.swift in Sources */,
			);
			runOnlyForDeploymentPostprocessing = 0;
		};
/* End PBXSourcesBuildPhase section */

/* Begin PBXTargetDependency section */
		838663081AAE0C9900FADC19 /* PBXTargetDependency */ = {
			isa = PBXTargetDependency;
			target = 838662F91AAE0C9900FADC19 /* MessagePack */;
			targetProxy = 838663071AAE0C9900FADC19 /* PBXContainerItemProxy */;
		};
/* End PBXTargetDependency section */

/* Begin XCBuildConfiguration section */
		8386630E1AAE0C9900FADC19 /* Debug */ = {
			isa = XCBuildConfiguration;
			buildSettings = {
				ALWAYS_SEARCH_USER_PATHS = NO;
				CLANG_CXX_LANGUAGE_STANDARD = "gnu++0x";
				CLANG_CXX_LIBRARY = "libc++";
				CLANG_ENABLE_MODULES = YES;
				CLANG_ENABLE_OBJC_ARC = YES;
				CLANG_WARN_BOOL_CONVERSION = YES;
				CLANG_WARN_CONSTANT_CONVERSION = YES;
				CLANG_WARN_DIRECT_OBJC_ISA_USAGE = YES_ERROR;
				CLANG_WARN_EMPTY_BODY = YES;
				CLANG_WARN_ENUM_CONVERSION = YES;
				CLANG_WARN_INT_CONVERSION = YES;
				CLANG_WARN_OBJC_ROOT_CLASS = YES_ERROR;
				CLANG_WARN_UNREACHABLE_CODE = YES;
				CLANG_WARN__DUPLICATE_METHOD_MATCH = YES;
				"CODE_SIGN_IDENTITY[sdk=iphoneos*]" = "iPhone Developer";
				COPY_PHASE_STRIP = NO;
				CURRENT_PROJECT_VERSION = 1;
				ENABLE_STRICT_OBJC_MSGSEND = YES;
				GCC_C_LANGUAGE_STANDARD = gnu99;
				GCC_DYNAMIC_NO_PIC = NO;
				GCC_OPTIMIZATION_LEVEL = 0;
				GCC_PREPROCESSOR_DEFINITIONS = (
					"DEBUG=1",
					"$(inherited)",
				);
				GCC_SYMBOLS_PRIVATE_EXTERN = NO;
				GCC_WARN_64_TO_32_BIT_CONVERSION = YES;
				GCC_WARN_ABOUT_RETURN_TYPE = YES_ERROR;
				GCC_WARN_UNDECLARED_SELECTOR = YES;
				GCC_WARN_UNINITIALIZED_AUTOS = YES_AGGRESSIVE;
				GCC_WARN_UNUSED_FUNCTION = YES;
				GCC_WARN_UNUSED_VARIABLE = YES;
				IPHONEOS_DEPLOYMENT_TARGET = 8.0;
				MTL_ENABLE_DEBUG_INFO = YES;
				ONLY_ACTIVE_ARCH = YES;
				SDKROOT = iphoneos;
				SWIFT_OPTIMIZATION_LEVEL = "-Onone";
				TARGETED_DEVICE_FAMILY = "1,2";
				VERSIONING_SYSTEM = "apple-generic";
				VERSION_INFO_PREFIX = "";
			};
			name = Debug;
		};
		8386630F1AAE0C9900FADC19 /* Release */ = {
			isa = XCBuildConfiguration;
			buildSettings = {
				ALWAYS_SEARCH_USER_PATHS = NO;
				CLANG_CXX_LANGUAGE_STANDARD = "gnu++0x";
				CLANG_CXX_LIBRARY = "libc++";
				CLANG_ENABLE_MODULES = YES;
				CLANG_ENABLE_OBJC_ARC = YES;
				CLANG_WARN_BOOL_CONVERSION = YES;
				CLANG_WARN_CONSTANT_CONVERSION = YES;
				CLANG_WARN_DIRECT_OBJC_ISA_USAGE = YES_ERROR;
				CLANG_WARN_EMPTY_BODY = YES;
				CLANG_WARN_ENUM_CONVERSION = YES;
				CLANG_WARN_INT_CONVERSION = YES;
				CLANG_WARN_OBJC_ROOT_CLASS = YES_ERROR;
				CLANG_WARN_UNREACHABLE_CODE = YES;
				CLANG_WARN__DUPLICATE_METHOD_MATCH = YES;
				"CODE_SIGN_IDENTITY[sdk=iphoneos*]" = "iPhone Developer";
				COPY_PHASE_STRIP = YES;
				CURRENT_PROJECT_VERSION = 1;
				ENABLE_NS_ASSERTIONS = NO;
				ENABLE_STRICT_OBJC_MSGSEND = YES;
				GCC_C_LANGUAGE_STANDARD = gnu99;
				GCC_WARN_64_TO_32_BIT_CONVERSION = YES;
				GCC_WARN_ABOUT_RETURN_TYPE = YES_ERROR;
				GCC_WARN_UNDECLARED_SELECTOR = YES;
				GCC_WARN_UNINITIALIZED_AUTOS = YES_AGGRESSIVE;
				GCC_WARN_UNUSED_FUNCTION = YES;
				GCC_WARN_UNUSED_VARIABLE = YES;
				IPHONEOS_DEPLOYMENT_TARGET = 8.0;
				MTL_ENABLE_DEBUG_INFO = NO;
				SDKROOT = iphoneos;
				TARGETED_DEVICE_FAMILY = "1,2";
				VALIDATE_PRODUCT = YES;
				VERSIONING_SYSTEM = "apple-generic";
				VERSION_INFO_PREFIX = "";
			};
			name = Release;
		};
		838663111AAE0C9900FADC19 /* Debug */ = {
			isa = XCBuildConfiguration;
			buildSettings = {
				DEFINES_MODULE = YES;
				DYLIB_COMPATIBILITY_VERSION = 1;
				DYLIB_CURRENT_VERSION = 1;
				DYLIB_INSTALL_NAME_BASE = "@rpath";
				FRAMEWORK_SEARCH_PATHS = (
					"$(inherited)",
					"$(PROJECT_DIR)/Carthage/Build/iOS",
				);
				INFOPLIST_FILE = "MessagePack/Supporting Files/Info.plist";
				INSTALL_PATH = "$(LOCAL_LIBRARY_DIR)/Frameworks";
				LD_RUNPATH_SEARCH_PATHS = "$(inherited) @executable_path/Frameworks @loader_path/Frameworks";
				PRODUCT_NAME = "$(TARGET_NAME)";
				SKIP_INSTALL = YES;
			};
			name = Debug;
		};
		838663121AAE0C9900FADC19 /* Release */ = {
			isa = XCBuildConfiguration;
			buildSettings = {
				DEFINES_MODULE = YES;
				DYLIB_COMPATIBILITY_VERSION = 1;
				DYLIB_CURRENT_VERSION = 1;
				DYLIB_INSTALL_NAME_BASE = "@rpath";
				FRAMEWORK_SEARCH_PATHS = (
					"$(inherited)",
					"$(PROJECT_DIR)/Carthage/Build/iOS",
				);
				INFOPLIST_FILE = "MessagePack/Supporting Files/Info.plist";
				INSTALL_PATH = "$(LOCAL_LIBRARY_DIR)/Frameworks";
				LD_RUNPATH_SEARCH_PATHS = "$(inherited) @executable_path/Frameworks @loader_path/Frameworks";
				PRODUCT_NAME = "$(TARGET_NAME)";
				SKIP_INSTALL = YES;
			};
			name = Release;
		};
		838663141AAE0C9900FADC19 /* Debug */ = {
			isa = XCBuildConfiguration;
			buildSettings = {
				FRAMEWORK_SEARCH_PATHS = (
					"$(SDKROOT)/Developer/Library/Frameworks",
					"$(inherited)",
					"$(PROJECT_DIR)/Carthage/Build/iOS",
				);
				GCC_PREPROCESSOR_DEFINITIONS = (
					"DEBUG=1",
					"$(inherited)",
				);
				INFOPLIST_FILE = "MessagePackTests/Supporting Files/Info.plist";
				LD_RUNPATH_SEARCH_PATHS = "$(inherited) @executable_path/Frameworks @loader_path/Frameworks";
				PRODUCT_NAME = "$(TARGET_NAME)";
			};
			name = Debug;
		};
		838663151AAE0C9900FADC19 /* Release */ = {
			isa = XCBuildConfiguration;
			buildSettings = {
				FRAMEWORK_SEARCH_PATHS = (
					"$(SDKROOT)/Developer/Library/Frameworks",
					"$(inherited)",
					"$(PROJECT_DIR)/Carthage/Build/iOS",
				);
				INFOPLIST_FILE = "MessagePackTests/Supporting Files/Info.plist";
				LD_RUNPATH_SEARCH_PATHS = "$(inherited) @executable_path/Frameworks @loader_path/Frameworks";
				PRODUCT_NAME = "$(TARGET_NAME)";
			};
			name = Release;
		};
/* End XCBuildConfiguration section */

/* Begin XCConfigurationList section */
		838662F41AAE0C9900FADC19 /* Build configuration list for PBXProject "MessagePack" */ = {
			isa = XCConfigurationList;
			buildConfigurations = (
				8386630E1AAE0C9900FADC19 /* Debug */,
				8386630F1AAE0C9900FADC19 /* Release */,
			);
			defaultConfigurationIsVisible = 0;
			defaultConfigurationName = Release;
		};
		838663101AAE0C9900FADC19 /* Build configuration list for PBXNativeTarget "MessagePack" */ = {
			isa = XCConfigurationList;
			buildConfigurations = (
				838663111AAE0C9900FADC19 /* Debug */,
				838663121AAE0C9900FADC19 /* Release */,
			);
			defaultConfigurationIsVisible = 0;
			defaultConfigurationName = Release;
		};
		838663131AAE0C9900FADC19 /* Build configuration list for PBXNativeTarget "MessagePackTests" */ = {
			isa = XCConfigurationList;
			buildConfigurations = (
				838663141AAE0C9900FADC19 /* Debug */,
				838663151AAE0C9900FADC19 /* Release */,
			);
			defaultConfigurationIsVisible = 0;
			defaultConfigurationName = Release;
		};
/* End XCConfigurationList section */
	};
	rootObject = 838662F11AAE0C9900FADC19 /* Project object */;
}
