// !$*UTF8*$!
{
	archiveVersion = 1;
	classes = {
	};
	objectVersion = 46;
	objects = {

/* Begin PBXBuildFile section */
		OBJ_44 /* ConvenienceInitializers.swift in Sources */ = {isa = PBXBuildFile; fileRef = OBJ_9 /* ConvenienceInitializers.swift */; };
		OBJ_45 /* ConvenienceProperties.swift in Sources */ = {isa = PBXBuildFile; fileRef = OBJ_10 /* ConvenienceProperties.swift */; };
		OBJ_46 /* LiteralConvertibles.swift in Sources */ = {isa = PBXBuildFile; fileRef = OBJ_11 /* LiteralConvertibles.swift */; };
		OBJ_47 /* MessagePack.swift in Sources */ = {isa = PBXBuildFile; fileRef = OBJ_12 /* MessagePack.swift */; };
		OBJ_48 /* Pack.swift in Sources */ = {isa = PBXBuildFile; fileRef = OBJ_13 /* Pack.swift */; };
		OBJ_49 /* Subdata.swift in Sources */ = {isa = PBXBuildFile; fileRef = OBJ_14 /* Subdata.swift */; };
		OBJ_50 /* Unpack.swift in Sources */ = {isa = PBXBuildFile; fileRef = OBJ_15 /* Unpack.swift */; };
		OBJ_57 /* ArrayTests.swift in Sources */ = {isa = PBXBuildFile; fileRef = OBJ_18 /* ArrayTests.swift */; };
		OBJ_58 /* BinaryTests.swift in Sources */ = {isa = PBXBuildFile; fileRef = OBJ_19 /* BinaryTests.swift */; };
		OBJ_59 /* ConvenienceInitializersTests.swift in Sources */ = {isa = PBXBuildFile; fileRef = OBJ_20 /* ConvenienceInitializersTests.swift */; };
		OBJ_60 /* ConveniencePropertiesTests.swift in Sources */ = {isa = PBXBuildFile; fileRef = OBJ_21 /* ConveniencePropertiesTests.swift */; };
		OBJ_61 /* DescriptionTests.swift in Sources */ = {isa = PBXBuildFile; fileRef = OBJ_22 /* DescriptionTests.swift */; };
		OBJ_62 /* DoubleTests.swift in Sources */ = {isa = PBXBuildFile; fileRef = OBJ_23 /* DoubleTests.swift */; };
		OBJ_63 /* EqualityTests.swift in Sources */ = {isa = PBXBuildFile; fileRef = OBJ_24 /* EqualityTests.swift */; };
		OBJ_64 /* ExampleTests.swift in Sources */ = {isa = PBXBuildFile; fileRef = OBJ_25 /* ExampleTests.swift */; };
		OBJ_65 /* ExtendedTests.swift in Sources */ = {isa = PBXBuildFile; fileRef = OBJ_26 /* ExtendedTests.swift */; };
		OBJ_66 /* FalseTests.swift in Sources */ = {isa = PBXBuildFile; fileRef = OBJ_27 /* FalseTests.swift */; };
		OBJ_67 /* FloatTests.swift in Sources */ = {isa = PBXBuildFile; fileRef = OBJ_28 /* FloatTests.swift */; };
		OBJ_68 /* HashValueTests.swift in Sources */ = {isa = PBXBuildFile; fileRef = OBJ_29 /* HashValueTests.swift */; };
		OBJ_69 /* IntegerTests.swift in Sources */ = {isa = PBXBuildFile; fileRef = OBJ_30 /* IntegerTests.swift */; };
		OBJ_70 /* MapTests.swift in Sources */ = {isa = PBXBuildFile; fileRef = OBJ_31 /* MapTests.swift */; };
		OBJ_71 /* NilTests.swift in Sources */ = {isa = PBXBuildFile; fileRef = OBJ_32 /* NilTests.swift */; };
		OBJ_72 /* StringTests.swift in Sources */ = {isa = PBXBuildFile; fileRef = OBJ_33 /* StringTests.swift */; };
		OBJ_73 /* TrueTests.swift in Sources */ = {isa = PBXBuildFile; fileRef = OBJ_34 /* TrueTests.swift */; };
		OBJ_75 /* MessagePack.framework in Frameworks */ = {isa = PBXBuildFile; fileRef = OBJ_37 /* MessagePack.framework */; };
/* End PBXBuildFile section */

/* Begin PBXContainerItemProxy section */
		8253216A1EFFC42C00914B55 /* PBXContainerItemProxy */ = {
			isa = PBXContainerItemProxy;
			containerPortal = OBJ_1 /* Project object */;
			proxyType = 1;
			remoteGlobalIDString = OBJ_39;
			remoteInfo = MessagePack;
		};
/* End PBXContainerItemProxy section */

/* Begin PBXFileReference section */
		OBJ_10 /* ConvenienceProperties.swift */ = {isa = PBXFileReference; lastKnownFileType = sourcecode.swift; path = ConvenienceProperties.swift; sourceTree = "<group>"; };
		OBJ_11 /* LiteralConvertibles.swift */ = {isa = PBXFileReference; lastKnownFileType = sourcecode.swift; path = LiteralConvertibles.swift; sourceTree = "<group>"; };
		OBJ_12 /* MessagePack.swift */ = {isa = PBXFileReference; lastKnownFileType = sourcecode.swift; path = MessagePack.swift; sourceTree = "<group>"; };
		OBJ_13 /* Pack.swift */ = {isa = PBXFileReference; lastKnownFileType = sourcecode.swift; path = Pack.swift; sourceTree = "<group>"; };
		OBJ_14 /* Subdata.swift */ = {isa = PBXFileReference; lastKnownFileType = sourcecode.swift; path = Subdata.swift; sourceTree = "<group>"; };
		OBJ_15 /* Unpack.swift */ = {isa = PBXFileReference; lastKnownFileType = sourcecode.swift; path = Unpack.swift; sourceTree = "<group>"; };
		OBJ_18 /* ArrayTests.swift */ = {isa = PBXFileReference; lastKnownFileType = sourcecode.swift; path = ArrayTests.swift; sourceTree = "<group>"; };
		OBJ_19 /* BinaryTests.swift */ = {isa = PBXFileReference; lastKnownFileType = sourcecode.swift; path = BinaryTests.swift; sourceTree = "<group>"; };
		OBJ_20 /* ConvenienceInitializersTests.swift */ = {isa = PBXFileReference; lastKnownFileType = sourcecode.swift; path = ConvenienceInitializersTests.swift; sourceTree = "<group>"; };
		OBJ_21 /* ConveniencePropertiesTests.swift */ = {isa = PBXFileReference; lastKnownFileType = sourcecode.swift; path = ConveniencePropertiesTests.swift; sourceTree = "<group>"; };
		OBJ_22 /* DescriptionTests.swift */ = {isa = PBXFileReference; lastKnownFileType = sourcecode.swift; path = DescriptionTests.swift; sourceTree = "<group>"; };
		OBJ_23 /* DoubleTests.swift */ = {isa = PBXFileReference; lastKnownFileType = sourcecode.swift; path = DoubleTests.swift; sourceTree = "<group>"; };
		OBJ_24 /* EqualityTests.swift */ = {isa = PBXFileReference; lastKnownFileType = sourcecode.swift; path = EqualityTests.swift; sourceTree = "<group>"; };
		OBJ_25 /* ExampleTests.swift */ = {isa = PBXFileReference; lastKnownFileType = sourcecode.swift; path = ExampleTests.swift; sourceTree = "<group>"; };
		OBJ_26 /* ExtendedTests.swift */ = {isa = PBXFileReference; lastKnownFileType = sourcecode.swift; path = ExtendedTests.swift; sourceTree = "<group>"; };
		OBJ_27 /* FalseTests.swift */ = {isa = PBXFileReference; lastKnownFileType = sourcecode.swift; path = FalseTests.swift; sourceTree = "<group>"; };
		OBJ_28 /* FloatTests.swift */ = {isa = PBXFileReference; lastKnownFileType = sourcecode.swift; path = FloatTests.swift; sourceTree = "<group>"; };
		OBJ_29 /* HashValueTests.swift */ = {isa = PBXFileReference; lastKnownFileType = sourcecode.swift; path = HashValueTests.swift; sourceTree = "<group>"; };
		OBJ_30 /* IntegerTests.swift */ = {isa = PBXFileReference; lastKnownFileType = sourcecode.swift; path = IntegerTests.swift; sourceTree = "<group>"; };
		OBJ_31 /* MapTests.swift */ = {isa = PBXFileReference; lastKnownFileType = sourcecode.swift; path = MapTests.swift; sourceTree = "<group>"; };
		OBJ_32 /* NilTests.swift */ = {isa = PBXFileReference; lastKnownFileType = sourcecode.swift; path = NilTests.swift; sourceTree = "<group>"; };
		OBJ_33 /* StringTests.swift */ = {isa = PBXFileReference; lastKnownFileType = sourcecode.swift; path = StringTests.swift; sourceTree = "<group>"; };
		OBJ_34 /* TrueTests.swift */ = {isa = PBXFileReference; lastKnownFileType = sourcecode.swift; path = TrueTests.swift; sourceTree = "<group>"; };
		OBJ_35 /* Resources */ = {isa = PBXFileReference; lastKnownFileType = folder; path = Resources; sourceTree = SOURCE_ROOT; };
		OBJ_37 /* MessagePack.framework */ = {isa = PBXFileReference; explicitFileType = wrapper.framework; path = MessagePack.framework; sourceTree = BUILT_PRODUCTS_DIR; };
		OBJ_38 /* MessagePackTests.xctest */ = {isa = PBXFileReference; lastKnownFileType = file; path = MessagePackTests.xctest; sourceTree = BUILT_PRODUCTS_DIR; };
		OBJ_6 /* Package.swift */ = {isa = PBXFileReference; explicitFileType = sourcecode.swift; path = Package.swift; sourceTree = "<group>"; };
		OBJ_9 /* ConvenienceInitializers.swift */ = {isa = PBXFileReference; lastKnownFileType = sourcecode.swift; path = ConvenienceInitializers.swift; sourceTree = "<group>"; };
/* End PBXFileReference section */

/* Begin PBXFrameworksBuildPhase section */
		OBJ_51 /* Frameworks */ = {
			isa = PBXFrameworksBuildPhase;
			buildActionMask = 0;
			files = (
			);
			runOnlyForDeploymentPostprocessing = 0;
		};
		OBJ_74 /* Frameworks */ = {
			isa = PBXFrameworksBuildPhase;
			buildActionMask = 0;
			files = (
				OBJ_75 /* MessagePack.framework in Frameworks */,
			);
			runOnlyForDeploymentPostprocessing = 0;
		};
/* End PBXFrameworksBuildPhase section */

/* Begin PBXGroup section */
		OBJ_16 /* Tests */ = {
			isa = PBXGroup;
			children = (
				OBJ_17 /* MessagePackTests */,
			);
			name = Tests;
			sourceTree = SOURCE_ROOT;
		};
		OBJ_17 /* MessagePackTests */ = {
			isa = PBXGroup;
			children = (
				OBJ_18 /* ArrayTests.swift */,
				OBJ_19 /* BinaryTests.swift */,
				OBJ_20 /* ConvenienceInitializersTests.swift */,
				OBJ_21 /* ConveniencePropertiesTests.swift */,
				OBJ_22 /* DescriptionTests.swift */,
				OBJ_23 /* DoubleTests.swift */,
				OBJ_24 /* EqualityTests.swift */,
				OBJ_25 /* ExampleTests.swift */,
				OBJ_26 /* ExtendedTests.swift */,
				OBJ_27 /* FalseTests.swift */,
				OBJ_28 /* FloatTests.swift */,
				OBJ_29 /* HashValueTests.swift */,
				OBJ_30 /* IntegerTests.swift */,
				OBJ_31 /* MapTests.swift */,
				OBJ_32 /* NilTests.swift */,
				OBJ_33 /* StringTests.swift */,
				OBJ_34 /* TrueTests.swift */,
			);
			name = MessagePackTests;
			path = Tests/MessagePackTests;
			sourceTree = SOURCE_ROOT;
		};
		OBJ_36 /* Products */ = {
			isa = PBXGroup;
			children = (
				OBJ_37 /* MessagePack.framework */,
				OBJ_38 /* MessagePackTests.xctest */,
			);
			name = Products;
			sourceTree = BUILT_PRODUCTS_DIR;
		};
		OBJ_5 /*  */ = {
			isa = PBXGroup;
			children = (
				OBJ_6 /* Package.swift */,
				OBJ_7 /* Sources */,
				OBJ_16 /* Tests */,
				OBJ_35 /* Resources */,
				OBJ_36 /* Products */,
			);
			name = "";
			sourceTree = "<group>";
		};
		OBJ_7 /* Sources */ = {
			isa = PBXGroup;
			children = (
				OBJ_8 /* MessagePack */,
			);
			name = Sources;
			sourceTree = SOURCE_ROOT;
		};
		OBJ_8 /* MessagePack */ = {
			isa = PBXGroup;
			children = (
				OBJ_9 /* ConvenienceInitializers.swift */,
				OBJ_10 /* ConvenienceProperties.swift */,
				OBJ_11 /* LiteralConvertibles.swift */,
				OBJ_12 /* MessagePack.swift */,
				OBJ_13 /* Pack.swift */,
				OBJ_14 /* Subdata.swift */,
				OBJ_15 /* Unpack.swift */,
			);
			name = MessagePack;
			path = Sources/MessagePack;
			sourceTree = SOURCE_ROOT;
		};
/* End PBXGroup section */

/* Begin PBXNativeTarget section */
		OBJ_39 /* MessagePack */ = {
			isa = PBXNativeTarget;
			buildConfigurationList = OBJ_40 /* Build configuration list for PBXNativeTarget "MessagePack" */;
			buildPhases = (
				OBJ_43 /* Sources */,
				OBJ_51 /* Frameworks */,
			);
			buildRules = (
			);
			dependencies = (
			);
			name = MessagePack;
			productName = MessagePack;
			productReference = OBJ_37 /* MessagePack.framework */;
			productType = "com.apple.product-type.framework";
		};
		OBJ_52 /* MessagePackTests */ = {
			isa = PBXNativeTarget;
			buildConfigurationList = OBJ_53 /* Build configuration list for PBXNativeTarget "MessagePackTests" */;
			buildPhases = (
				OBJ_56 /* Sources */,
				OBJ_74 /* Frameworks */,
			);
			buildRules = (
			);
			dependencies = (
				OBJ_76 /* PBXTargetDependency */,
			);
			name = MessagePackTests;
			productName = MessagePackTests;
			productReference = OBJ_38 /* MessagePackTests.xctest */;
			productType = "com.apple.product-type.bundle.unit-test";
		};
/* End PBXNativeTarget section */

/* Begin PBXProject section */
		OBJ_1 /* Project object */ = {
			isa = PBXProject;
			attributes = {
				LastUpgradeCheck = 9999;
			};
			buildConfigurationList = OBJ_2 /* Build configuration list for PBXProject "MessagePack" */;
			compatibilityVersion = "Xcode 3.2";
			developmentRegion = English;
			hasScannedForEncodings = 0;
			knownRegions = (
				en,
			);
			mainGroup = OBJ_5 /*  */;
			productRefGroup = OBJ_36 /* Products */;
			projectDirPath = "";
			projectRoot = "";
			targets = (
				OBJ_39 /* MessagePack */,
				OBJ_52 /* MessagePackTests */,
			);
		};
/* End PBXProject section */

/* Begin PBXSourcesBuildPhase section */
		OBJ_43 /* Sources */ = {
			isa = PBXSourcesBuildPhase;
			buildActionMask = 0;
			files = (
				OBJ_44 /* ConvenienceInitializers.swift in Sources */,
				OBJ_45 /* ConvenienceProperties.swift in Sources */,
				OBJ_46 /* LiteralConvertibles.swift in Sources */,
				OBJ_47 /* MessagePack.swift in Sources */,
				OBJ_48 /* Pack.swift in Sources */,
				OBJ_49 /* Subdata.swift in Sources */,
				OBJ_50 /* Unpack.swift in Sources */,
			);
			runOnlyForDeploymentPostprocessing = 0;
		};
		OBJ_56 /* Sources */ = {
			isa = PBXSourcesBuildPhase;
			buildActionMask = 0;
			files = (
				OBJ_57 /* ArrayTests.swift in Sources */,
				OBJ_58 /* BinaryTests.swift in Sources */,
				OBJ_59 /* ConvenienceInitializersTests.swift in Sources */,
				OBJ_60 /* ConveniencePropertiesTests.swift in Sources */,
				OBJ_61 /* DescriptionTests.swift in Sources */,
				OBJ_62 /* DoubleTests.swift in Sources */,
				OBJ_63 /* EqualityTests.swift in Sources */,
				OBJ_64 /* ExampleTests.swift in Sources */,
				OBJ_65 /* ExtendedTests.swift in Sources */,
				OBJ_66 /* FalseTests.swift in Sources */,
				OBJ_67 /* FloatTests.swift in Sources */,
				OBJ_68 /* HashValueTests.swift in Sources */,
				OBJ_69 /* IntegerTests.swift in Sources */,
				OBJ_70 /* MapTests.swift in Sources */,
				OBJ_71 /* NilTests.swift in Sources */,
				OBJ_72 /* StringTests.swift in Sources */,
				OBJ_73 /* TrueTests.swift in Sources */,
			);
			runOnlyForDeploymentPostprocessing = 0;
		};
/* End PBXSourcesBuildPhase section */

/* Begin PBXTargetDependency section */
		OBJ_76 /* PBXTargetDependency */ = {
			isa = PBXTargetDependency;
			target = OBJ_39 /* MessagePack */;
			targetProxy = 8253216A1EFFC42C00914B55 /* PBXContainerItemProxy */;
		};
/* End PBXTargetDependency section */

/* Begin XCBuildConfiguration section */
		OBJ_3 /* Debug */ = {
			isa = XCBuildConfiguration;
			buildSettings = {
				CLANG_ENABLE_OBJC_ARC = YES;
				COMBINE_HIDPI_IMAGES = YES;
				COPY_PHASE_STRIP = NO;
				DEBUG_INFORMATION_FORMAT = dwarf;
				DYLIB_INSTALL_NAME_BASE = "@rpath";
				ENABLE_NS_ASSERTIONS = YES;
				GCC_OPTIMIZATION_LEVEL = 0;
				MACOSX_DEPLOYMENT_TARGET = 10.10;
				ONLY_ACTIVE_ARCH = YES;
				OTHER_SWIFT_FLAGS = "-DXcode";
				PRODUCT_NAME = "$(TARGET_NAME)";
				SDKROOT = macosx;
				SUPPORTED_PLATFORMS = "macosx iphoneos iphonesimulator appletvos appletvsimulator watchos watchsimulator";
				SWIFT_ACTIVE_COMPILATION_CONDITIONS = SWIFT_PACKAGE;
				SWIFT_OPTIMIZATION_LEVEL = "-Onone";
				SWIFT_VERSION = 3.0;
				USE_HEADERMAP = NO;
			};
			name = Debug;
		};
		OBJ_4 /* Release */ = {
			isa = XCBuildConfiguration;
			buildSettings = {
				CLANG_ENABLE_OBJC_ARC = YES;
				COMBINE_HIDPI_IMAGES = YES;
				COPY_PHASE_STRIP = YES;
				DEBUG_INFORMATION_FORMAT = "dwarf-with-dsym";
				DYLIB_INSTALL_NAME_BASE = "@rpath";
				GCC_OPTIMIZATION_LEVEL = s;
				MACOSX_DEPLOYMENT_TARGET = 10.10;
				OTHER_SWIFT_FLAGS = "-DXcode";
				PRODUCT_NAME = "$(TARGET_NAME)";
				SDKROOT = macosx;
				SUPPORTED_PLATFORMS = "macosx iphoneos iphonesimulator appletvos appletvsimulator watchos watchsimulator";
				SWIFT_ACTIVE_COMPILATION_CONDITIONS = SWIFT_PACKAGE;
				SWIFT_OPTIMIZATION_LEVEL = "-Owholemodule";
				SWIFT_VERSION = 3.0;
				USE_HEADERMAP = NO;
			};
			name = Release;
		};
		OBJ_41 /* Debug */ = {
			isa = XCBuildConfiguration;
			buildSettings = {
				ENABLE_TESTABILITY = YES;
				FRAMEWORK_SEARCH_PATHS = (
					"$(inherited)",
					"$(PLATFORM_DIR)/Developer/Library/Frameworks",
				);
				HEADER_SEARCH_PATHS = "$(inherited)";
				INFOPLIST_FILE = MessagePack.xcodeproj/MessagePack_Info.plist;
				LD_RUNPATH_SEARCH_PATHS = "$(TOOLCHAIN_DIR)/usr/lib/swift/macosx";
				OTHER_LDFLAGS = "$(inherited)";
				OTHER_SWIFT_FLAGS = "$(inherited)";
				PRODUCT_BUNDLE_IDENTIFIER = MessagePack;
				PRODUCT_MODULE_NAME = "$(TARGET_NAME:c99extidentifier)";
				PRODUCT_NAME = "$(TARGET_NAME:c99extidentifier)";
				SKIP_INSTALL = YES;
				TARGET_NAME = MessagePack;
			};
			name = Debug;
		};
		OBJ_42 /* Release */ = {
			isa = XCBuildConfiguration;
			buildSettings = {
				ENABLE_TESTABILITY = YES;
				FRAMEWORK_SEARCH_PATHS = (
					"$(inherited)",
					"$(PLATFORM_DIR)/Developer/Library/Frameworks",
				);
				HEADER_SEARCH_PATHS = "$(inherited)";
				INFOPLIST_FILE = MessagePack.xcodeproj/MessagePack_Info.plist;
				LD_RUNPATH_SEARCH_PATHS = "$(TOOLCHAIN_DIR)/usr/lib/swift/macosx";
				OTHER_LDFLAGS = "$(inherited)";
				OTHER_SWIFT_FLAGS = "$(inherited)";
				PRODUCT_BUNDLE_IDENTIFIER = MessagePack;
				PRODUCT_MODULE_NAME = "$(TARGET_NAME:c99extidentifier)";
				PRODUCT_NAME = "$(TARGET_NAME:c99extidentifier)";
				SKIP_INSTALL = YES;
				TARGET_NAME = MessagePack;
			};
			name = Release;
		};
		OBJ_54 /* Debug */ = {
			isa = XCBuildConfiguration;
			buildSettings = {
				EMBEDDED_CONTENT_CONTAINS_SWIFT = YES;
				FRAMEWORK_SEARCH_PATHS = (
					"$(inherited)",
					"$(PLATFORM_DIR)/Developer/Library/Frameworks",
				);
				HEADER_SEARCH_PATHS = "$(inherited)";
				INFOPLIST_FILE = MessagePack.xcodeproj/MessagePackTests_Info.plist;
				LD_RUNPATH_SEARCH_PATHS = "@loader_path/../Frameworks @loader_path/Frameworks";
				OTHER_LDFLAGS = "$(inherited)";
				OTHER_SWIFT_FLAGS = "$(inherited)";
				TARGET_NAME = MessagePackTests;
			};
			name = Debug;
		};
		OBJ_55 /* Release */ = {
			isa = XCBuildConfiguration;
			buildSettings = {
				EMBEDDED_CONTENT_CONTAINS_SWIFT = YES;
				FRAMEWORK_SEARCH_PATHS = (
					"$(inherited)",
					"$(PLATFORM_DIR)/Developer/Library/Frameworks",
				);
				HEADER_SEARCH_PATHS = "$(inherited)";
				INFOPLIST_FILE = MessagePack.xcodeproj/MessagePackTests_Info.plist;
				LD_RUNPATH_SEARCH_PATHS = "@loader_path/../Frameworks @loader_path/Frameworks";
				OTHER_LDFLAGS = "$(inherited)";
				OTHER_SWIFT_FLAGS = "$(inherited)";
				TARGET_NAME = MessagePackTests;
			};
			name = Release;
		};
/* End XCBuildConfiguration section */

/* Begin XCConfigurationList section */
		OBJ_2 /* Build configuration list for PBXProject "MessagePack" */ = {
			isa = XCConfigurationList;
			buildConfigurations = (
				OBJ_3 /* Debug */,
				OBJ_4 /* Release */,
			);
			defaultConfigurationIsVisible = 0;
			defaultConfigurationName = Debug;
		};
		OBJ_40 /* Build configuration list for PBXNativeTarget "MessagePack" */ = {
			isa = XCConfigurationList;
			buildConfigurations = (
				OBJ_41 /* Debug */,
				OBJ_42 /* Release */,
			);
			defaultConfigurationIsVisible = 0;
			defaultConfigurationName = Debug;
		};
		OBJ_53 /* Build configuration list for PBXNativeTarget "MessagePackTests" */ = {
			isa = XCConfigurationList;
			buildConfigurations = (
				OBJ_54 /* Debug */,
				OBJ_55 /* Release */,
			);
			defaultConfigurationIsVisible = 0;
			defaultConfigurationName = Debug;
		};
/* End XCConfigurationList section */
	};
	rootObject = OBJ_1 /* Project object */;
}
