PODS:
  - Nimble (0.4.0)
  - Quick (0.2.2)

DEPENDENCIES:
  - Nimble (from `https://github.com/Quick/Nimble.git`, tag `v0.4.0`)
  - Quick (from `https://github.com/Quick/Quick.git`, tag `v0.3.0`)

EXTERNAL SOURCES:
  Nimble:
    :git: https://github.com/Quick/Nimble.git
    :tag: v0.4.0
  Quick:
    :git: https://github.com/Quick/Quick.git
    :tag: v0.3.0

CHECKOUT OPTIONS:
  Nimble:
    :git: https://github.com/Quick/Nimble.git
    :tag: v0.4.0
  Quick:
    :git: https://github.com/Quick/Quick.git
    :tag: v0.3.0

SPEC CHECKSUMS:
  Nimble: a05c15e0955baec1c94a22e25e4f8dea884fbc5f
  Quick: 1bda8b4c8d43f6b4dd69ca001918b1767b3c9c93

COCOAPODS: 0.36.0
